// !$*UTF8*$!
{
	archiveVersion = 1;
	classes = {
	};
	objectVersion = 50;
	objects = {

/* Begin PBXBuildFile section */
		02356BF023F473C1005A39AF /* CapstoneAppTests.swift in Sources */ = {isa = PBXBuildFile; fileRef = 02356BEF23F473C1005A39AF /* CapstoneAppTests.swift */; };
		02356BFE23F4740A005A39AF /* CapstoneAppUITests.swift in Sources */ = {isa = PBXBuildFile; fileRef = 02356BFD23F4740A005A39AF /* CapstoneAppUITests.swift */; };
		024B091923EBD5E50014E543 /* FileServiceManager.swift in Sources */ = {isa = PBXBuildFile; fileRef = 024B091823EBD5E50014E543 /* FileServiceManager.swift */; };
		024B091B23EBE79C0014E543 /* TextView+Extension.swift in Sources */ = {isa = PBXBuildFile; fileRef = 024B091A23EBE79C0014E543 /* TextView+Extension.swift */; };
		024B091E23EC0EA80014E543 /* MealTableViewCell.swift in Sources */ = {isa = PBXBuildFile; fileRef = 024B091C23EC0EA80014E543 /* MealTableViewCell.swift */; };
		024B091F23EC0EA80014E543 /* MealTableViewCell.xib in Resources */ = {isa = PBXBuildFile; fileRef = 024B091D23EC0EA80014E543 /* MealTableViewCell.xib */; };
		024B092123EC288A0014E543 /* CustomDetailsViewController.swift in Sources */ = {isa = PBXBuildFile; fileRef = 024B092023EC288A0014E543 /* CustomDetailsViewController.swift */; };
		02C9ED6D23D5DF11007F6E07 /* AppDelegate.swift in Sources */ = {isa = PBXBuildFile; fileRef = 02C9ED6C23D5DF11007F6E07 /* AppDelegate.swift */; };
		02C9ED6F23D5DF11007F6E07 /* SceneDelegate.swift in Sources */ = {isa = PBXBuildFile; fileRef = 02C9ED6E23D5DF11007F6E07 /* SceneDelegate.swift */; };
		02C9ED7123D5DF11007F6E07 /* HomeViewController.swift in Sources */ = {isa = PBXBuildFile; fileRef = 02C9ED7023D5DF11007F6E07 /* HomeViewController.swift */; };
		02C9ED7423D5DF11007F6E07 /* Main.storyboard in Resources */ = {isa = PBXBuildFile; fileRef = 02C9ED7223D5DF11007F6E07 /* Main.storyboard */; };
		02C9ED7623D5DF12007F6E07 /* Assets.xcassets in Resources */ = {isa = PBXBuildFile; fileRef = 02C9ED7523D5DF12007F6E07 /* Assets.xcassets */; };
		02C9ED7923D5DF12007F6E07 /* LaunchScreen.storyboard in Resources */ = {isa = PBXBuildFile; fileRef = 02C9ED7723D5DF12007F6E07 /* LaunchScreen.storyboard */; };
		02C9ED8723D692A7007F6E07 /* GoogleService-Info.plist in Resources */ = {isa = PBXBuildFile; fileRef = 02C9ED8623D692A7007F6E07 /* GoogleService-Info.plist */; };
		02C9ED8923D8E92B007F6E07 /* RecipesViewController.swift in Sources */ = {isa = PBXBuildFile; fileRef = 02C9ED8823D8E92B007F6E07 /* RecipesViewController.swift */; };
		02C9ED8D23D9EDAF007F6E07 /* IngredientRecipeService.swift in Sources */ = {isa = PBXBuildFile; fileRef = 02C9ED8C23D9EDAF007F6E07 /* IngredientRecipeService.swift */; };
		02C9ED8F23D9F1A8007F6E07 /* Recipe.swift in Sources */ = {isa = PBXBuildFile; fileRef = 02C9ED8E23D9F1A8007F6E07 /* Recipe.swift */; };
		02C9ED9123DA0A7D007F6E07 /* Meal.swift in Sources */ = {isa = PBXBuildFile; fileRef = 02C9ED9023DA0A7D007F6E07 /* Meal.swift */; };
		02C9ED9323DA0B17007F6E07 /* RecipeAPI.swift in Sources */ = {isa = PBXBuildFile; fileRef = 02C9ED9223DA0B17007F6E07 /* RecipeAPI.swift */; };
		02C9ED9523E07150007F6E07 /* ViewModel.swift in Sources */ = {isa = PBXBuildFile; fileRef = 02C9ED9423E07150007F6E07 /* ViewModel.swift */; };
		02C9ED9823E08822007F6E07 /* Url+Extension.swift in Sources */ = {isa = PBXBuildFile; fileRef = 02C9ED9723E08822007F6E07 /* Url+Extension.swift */; };
		02C9ED9A23E08913007F6E07 /* View+Extension.swift in Sources */ = {isa = PBXBuildFile; fileRef = 02C9ED9923E08913007F6E07 /* View+Extension.swift */; };
		02C9ED9C23E08E67007F6E07 /* MealDetailsViewController.swift in Sources */ = {isa = PBXBuildFile; fileRef = 02C9ED9B23E08E67007F6E07 /* MealDetailsViewController.swift */; };
		02C9ED9E23EB3080007F6E07 /* FirebaseSource.swift in Sources */ = {isa = PBXBuildFile; fileRef = 02C9ED9D23EB3080007F6E07 /* FirebaseSource.swift */; };
		02C9EDA023EBB6B5007F6E07 /* RecipeAddViewController.swift in Sources */ = {isa = PBXBuildFile; fileRef = 02C9ED9F23EBB6B5007F6E07 /* RecipeAddViewController.swift */; };
		6F31F8B49DAC1B78E8047A34 /* libPods-CapstoneApp.a in Frameworks */ = {isa = PBXBuildFile; fileRef = 132D6A356AA6DA99CF23AAFB /* libPods-CapstoneApp.a */; };
/* End PBXBuildFile section */

/* Begin PBXContainerItemProxy section */
		02356BF223F473C1005A39AF /* PBXContainerItemProxy */ = {
			isa = PBXContainerItemProxy;
			containerPortal = 02C9ED6123D5DF11007F6E07 /* Project object */;
			proxyType = 1;
			remoteGlobalIDString = 02C9ED6823D5DF11007F6E07;
			remoteInfo = CapstoneApp;
		};
		02356C0023F4740A005A39AF /* PBXContainerItemProxy */ = {
			isa = PBXContainerItemProxy;
			containerPortal = 02C9ED6123D5DF11007F6E07 /* Project object */;
			proxyType = 1;
			remoteGlobalIDString = 02C9ED6823D5DF11007F6E07;
			remoteInfo = CapstoneApp;
		};
/* End PBXContainerItemProxy section */

/* Begin PBXFileReference section */
		02356BED23F473C1005A39AF /* CapstoneAppTests.xctest */ = {isa = PBXFileReference; explicitFileType = wrapper.cfbundle; includeInIndex = 0; path = CapstoneAppTests.xctest; sourceTree = BUILT_PRODUCTS_DIR; };
		02356BEF23F473C1005A39AF /* CapstoneAppTests.swift */ = {isa = PBXFileReference; lastKnownFileType = sourcecode.swift; path = CapstoneAppTests.swift; sourceTree = "<group>"; };
		02356BF123F473C1005A39AF /* Info.plist */ = {isa = PBXFileReference; lastKnownFileType = text.plist.xml; path = Info.plist; sourceTree = "<group>"; };
		02356BFB23F4740A005A39AF /* CapstoneAppUITests.xctest */ = {isa = PBXFileReference; explicitFileType = wrapper.cfbundle; includeInIndex = 0; path = CapstoneAppUITests.xctest; sourceTree = BUILT_PRODUCTS_DIR; };
		02356BFD23F4740A005A39AF /* CapstoneAppUITests.swift */ = {isa = PBXFileReference; lastKnownFileType = sourcecode.swift; path = CapstoneAppUITests.swift; sourceTree = "<group>"; };
		02356BFF23F4740A005A39AF /* Info.plist */ = {isa = PBXFileReference; lastKnownFileType = text.plist.xml; path = Info.plist; sourceTree = "<group>"; };
		024B091823EBD5E50014E543 /* FileServiceManager.swift */ = {isa = PBXFileReference; lastKnownFileType = sourcecode.swift; path = FileServiceManager.swift; sourceTree = "<group>"; };
		024B091A23EBE79C0014E543 /* TextView+Extension.swift */ = {isa = PBXFileReference; lastKnownFileType = sourcecode.swift; path = "TextView+Extension.swift"; sourceTree = "<group>"; };
		024B091C23EC0EA80014E543 /* MealTableViewCell.swift */ = {isa = PBXFileReference; lastKnownFileType = sourcecode.swift; path = MealTableViewCell.swift; sourceTree = "<group>"; };
		024B091D23EC0EA80014E543 /* MealTableViewCell.xib */ = {isa = PBXFileReference; lastKnownFileType = file.xib; path = MealTableViewCell.xib; sourceTree = "<group>"; };
		024B092023EC288A0014E543 /* CustomDetailsViewController.swift */ = {isa = PBXFileReference; lastKnownFileType = sourcecode.swift; path = CustomDetailsViewController.swift; sourceTree = "<group>"; };
		02C9ED6923D5DF11007F6E07 /* CapstoneApp.app */ = {isa = PBXFileReference; explicitFileType = wrapper.application; includeInIndex = 0; path = CapstoneApp.app; sourceTree = BUILT_PRODUCTS_DIR; };
		02C9ED6C23D5DF11007F6E07 /* AppDelegate.swift */ = {isa = PBXFileReference; lastKnownFileType = sourcecode.swift; path = AppDelegate.swift; sourceTree = "<group>"; };
		02C9ED6E23D5DF11007F6E07 /* SceneDelegate.swift */ = {isa = PBXFileReference; lastKnownFileType = sourcecode.swift; path = SceneDelegate.swift; sourceTree = "<group>"; };
		02C9ED7023D5DF11007F6E07 /* HomeViewController.swift */ = {isa = PBXFileReference; lastKnownFileType = sourcecode.swift; path = HomeViewController.swift; sourceTree = "<group>"; };
		02C9ED7323D5DF11007F6E07 /* Base */ = {isa = PBXFileReference; lastKnownFileType = file.storyboard; name = Base; path = Base.lproj/Main.storyboard; sourceTree = "<group>"; };
		02C9ED7523D5DF12007F6E07 /* Assets.xcassets */ = {isa = PBXFileReference; lastKnownFileType = folder.assetcatalog; path = Assets.xcassets; sourceTree = "<group>"; };
		02C9ED7823D5DF12007F6E07 /* Base */ = {isa = PBXFileReference; lastKnownFileType = file.storyboard; name = Base; path = Base.lproj/LaunchScreen.storyboard; sourceTree = "<group>"; };
		02C9ED7A23D5DF12007F6E07 /* Info.plist */ = {isa = PBXFileReference; lastKnownFileType = text.plist.xml; path = Info.plist; sourceTree = "<group>"; };
		02C9ED8623D692A7007F6E07 /* GoogleService-Info.plist */ = {isa = PBXFileReference; fileEncoding = 4; lastKnownFileType = text.plist.xml; path = "GoogleService-Info.plist"; sourceTree = "<group>"; };
		02C9ED8823D8E92B007F6E07 /* RecipesViewController.swift */ = {isa = PBXFileReference; lastKnownFileType = sourcecode.swift; path = RecipesViewController.swift; sourceTree = "<group>"; };
		02C9ED8C23D9EDAF007F6E07 /* IngredientRecipeService.swift */ = {isa = PBXFileReference; lastKnownFileType = sourcecode.swift; path = IngredientRecipeService.swift; sourceTree = "<group>"; };
		02C9ED8E23D9F1A8007F6E07 /* Recipe.swift */ = {isa = PBXFileReference; lastKnownFileType = sourcecode.swift; path = Recipe.swift; sourceTree = "<group>"; };
		02C9ED9023DA0A7D007F6E07 /* Meal.swift */ = {isa = PBXFileReference; lastKnownFileType = sourcecode.swift; path = Meal.swift; sourceTree = "<group>"; };
		02C9ED9223DA0B17007F6E07 /* RecipeAPI.swift */ = {isa = PBXFileReference; lastKnownFileType = sourcecode.swift; path = RecipeAPI.swift; sourceTree = "<group>"; };
		02C9ED9423E07150007F6E07 /* ViewModel.swift */ = {isa = PBXFileReference; lastKnownFileType = sourcecode.swift; path = ViewModel.swift; sourceTree = "<group>"; };
		02C9ED9723E08822007F6E07 /* Url+Extension.swift */ = {isa = PBXFileReference; lastKnownFileType = sourcecode.swift; path = "Url+Extension.swift"; sourceTree = "<group>"; };
		02C9ED9923E08913007F6E07 /* View+Extension.swift */ = {isa = PBXFileReference; lastKnownFileType = sourcecode.swift; path = "View+Extension.swift"; sourceTree = "<group>"; };
		02C9ED9B23E08E67007F6E07 /* MealDetailsViewController.swift */ = {isa = PBXFileReference; lastKnownFileType = sourcecode.swift; path = MealDetailsViewController.swift; sourceTree = "<group>"; };
		02C9ED9D23EB3080007F6E07 /* FirebaseSource.swift */ = {isa = PBXFileReference; lastKnownFileType = sourcecode.swift; path = FirebaseSource.swift; sourceTree = "<group>"; };
		02C9ED9F23EBB6B5007F6E07 /* RecipeAddViewController.swift */ = {isa = PBXFileReference; lastKnownFileType = sourcecode.swift; path = RecipeAddViewController.swift; sourceTree = "<group>"; };
		132D6A356AA6DA99CF23AAFB /* libPods-CapstoneApp.a */ = {isa = PBXFileReference; explicitFileType = archive.ar; includeInIndex = 0; path = "libPods-CapstoneApp.a"; sourceTree = BUILT_PRODUCTS_DIR; };
		A92C17EAE394124B0143892C /* Pods-CapstoneApp.release.xcconfig */ = {isa = PBXFileReference; includeInIndex = 1; lastKnownFileType = text.xcconfig; name = "Pods-CapstoneApp.release.xcconfig"; path = "Target Support Files/Pods-CapstoneApp/Pods-CapstoneApp.release.xcconfig"; sourceTree = "<group>"; };
		E030710FDF675AA278994616 /* Pods-CapstoneApp.debug.xcconfig */ = {isa = PBXFileReference; includeInIndex = 1; lastKnownFileType = text.xcconfig; name = "Pods-CapstoneApp.debug.xcconfig"; path = "Target Support Files/Pods-CapstoneApp/Pods-CapstoneApp.debug.xcconfig"; sourceTree = "<group>"; };
/* End PBXFileReference section */

/* Begin PBXFrameworksBuildPhase section */
		02356BEA23F473C1005A39AF /* Frameworks */ = {
			isa = PBXFrameworksBuildPhase;
			buildActionMask = 2147483647;
			files = (
			);
			runOnlyForDeploymentPostprocessing = 0;
		};
		02356BF823F4740A005A39AF /* Frameworks */ = {
			isa = PBXFrameworksBuildPhase;
			buildActionMask = 2147483647;
			files = (
			);
			runOnlyForDeploymentPostprocessing = 0;
		};
		02C9ED6623D5DF11007F6E07 /* Frameworks */ = {
			isa = PBXFrameworksBuildPhase;
			buildActionMask = 2147483647;
			files = (
				6F31F8B49DAC1B78E8047A34 /* libPods-CapstoneApp.a in Frameworks */,
			);
			runOnlyForDeploymentPostprocessing = 0;
		};
/* End PBXFrameworksBuildPhase section */

/* Begin PBXGroup section */
		02356BEE23F473C1005A39AF /* CapstoneAppTests */ = {
			isa = PBXGroup;
			children = (
				02356BEF23F473C1005A39AF /* CapstoneAppTests.swift */,
				02356BF123F473C1005A39AF /* Info.plist */,
			);
			path = CapstoneAppTests;
			sourceTree = "<group>";
		};
		02356BFC23F4740A005A39AF /* CapstoneAppUITests */ = {
			isa = PBXGroup;
			children = (
				02356BFD23F4740A005A39AF /* CapstoneAppUITests.swift */,
				02356BFF23F4740A005A39AF /* Info.plist */,
			);
			path = CapstoneAppUITests;
			sourceTree = "<group>";
		};
		02C9ED6023D5DF11007F6E07 = {
			isa = PBXGroup;
			children = (
				02C9ED6B23D5DF11007F6E07 /* CapstoneApp */,
				02356BEE23F473C1005A39AF /* CapstoneAppTests */,
				02356BFC23F4740A005A39AF /* CapstoneAppUITests */,
				02C9ED6A23D5DF11007F6E07 /* Products */,
				19EDFCA27FCBD4D28D745212 /* Pods */,
				3C048354A2004F27E62CFBDA /* Frameworks */,
			);
			sourceTree = "<group>";
		};
		02C9ED6A23D5DF11007F6E07 /* Products */ = {
			isa = PBXGroup;
			children = (
				02C9ED6923D5DF11007F6E07 /* CapstoneApp.app */,
				02356BED23F473C1005A39AF /* CapstoneAppTests.xctest */,
				02356BFB23F4740A005A39AF /* CapstoneAppUITests.xctest */,
			);
			name = Products;
			sourceTree = "<group>";
		};
		02C9ED6B23D5DF11007F6E07 /* CapstoneApp */ = {
			isa = PBXGroup;
			children = (
				02C9ED9623E087F9007F6E07 /* Extensions */,
				02C9ED8523D5DF43007F6E07 /* Service */,
				02C9ED8423D5DF39007F6E07 /* View */,
				02C9ED8323D5DF33007F6E07 /* Storyboard */,
				02C9ED8223D5DF2C007F6E07 /* Model */,
				02C9ED8123D5DF25007F6E07 /* ViewController */,
				02C9ED8023D5DF1F007F6E07 /* ViewModel */,
				02C9ED6C23D5DF11007F6E07 /* AppDelegate.swift */,
				02C9ED6E23D5DF11007F6E07 /* SceneDelegate.swift */,
				02C9ED7A23D5DF12007F6E07 /* Info.plist */,
				02C9ED8623D692A7007F6E07 /* GoogleService-Info.plist */,
			);
			path = CapstoneApp;
			sourceTree = "<group>";
		};
		02C9ED8023D5DF1F007F6E07 /* ViewModel */ = {
			isa = PBXGroup;
			children = (
				02C9ED9423E07150007F6E07 /* ViewModel.swift */,
			);
			path = ViewModel;
			sourceTree = "<group>";
		};
		02C9ED8123D5DF25007F6E07 /* ViewController */ = {
			isa = PBXGroup;
			children = (
				02C9ED7023D5DF11007F6E07 /* HomeViewController.swift */,
				02C9ED8823D8E92B007F6E07 /* RecipesViewController.swift */,
				02C9ED9B23E08E67007F6E07 /* MealDetailsViewController.swift */,
				02C9ED9F23EBB6B5007F6E07 /* RecipeAddViewController.swift */,
				024B092023EC288A0014E543 /* CustomDetailsViewController.swift */,
			);
			path = ViewController;
			sourceTree = "<group>";
		};
		02C9ED8223D5DF2C007F6E07 /* Model */ = {
			isa = PBXGroup;
			children = (
				02C9ED8E23D9F1A8007F6E07 /* Recipe.swift */,
				02C9ED9023DA0A7D007F6E07 /* Meal.swift */,
			);
			path = Model;
			sourceTree = "<group>";
		};
		02C9ED8323D5DF33007F6E07 /* Storyboard */ = {
			isa = PBXGroup;
			children = (
				02C9ED7223D5DF11007F6E07 /* Main.storyboard */,
				02C9ED7723D5DF12007F6E07 /* LaunchScreen.storyboard */,
			);
			path = Storyboard;
			sourceTree = "<group>";
		};
		02C9ED8423D5DF39007F6E07 /* View */ = {
			isa = PBXGroup;
			children = (
				02C9ED7523D5DF12007F6E07 /* Assets.xcassets */,
				024B091C23EC0EA80014E543 /* MealTableViewCell.swift */,
				024B091D23EC0EA80014E543 /* MealTableViewCell.xib */,
			);
			path = View;
			sourceTree = "<group>";
		};
		02C9ED8523D5DF43007F6E07 /* Service */ = {
			isa = PBXGroup;
			children = (
				02C9ED8C23D9EDAF007F6E07 /* IngredientRecipeService.swift */,
				02C9ED9223DA0B17007F6E07 /* RecipeAPI.swift */,
				02C9ED9D23EB3080007F6E07 /* FirebaseSource.swift */,
				024B091823EBD5E50014E543 /* FileServiceManager.swift */,
			);
			path = Service;
			sourceTree = "<group>";
		};
		02C9ED9623E087F9007F6E07 /* Extensions */ = {
			isa = PBXGroup;
			children = (
				02C9ED9723E08822007F6E07 /* Url+Extension.swift */,
				02C9ED9923E08913007F6E07 /* View+Extension.swift */,
				024B091A23EBE79C0014E543 /* TextView+Extension.swift */,
			);
			path = Extensions;
			sourceTree = "<group>";
		};
		19EDFCA27FCBD4D28D745212 /* Pods */ = {
			isa = PBXGroup;
			children = (
				E030710FDF675AA278994616 /* Pods-CapstoneApp.debug.xcconfig */,
				A92C17EAE394124B0143892C /* Pods-CapstoneApp.release.xcconfig */,
			);
			path = Pods;
			sourceTree = "<group>";
		};
		3C048354A2004F27E62CFBDA /* Frameworks */ = {
			isa = PBXGroup;
			children = (
				132D6A356AA6DA99CF23AAFB /* libPods-CapstoneApp.a */,
			);
			name = Frameworks;
			sourceTree = "<group>";
		};
/* End PBXGroup section */

/* Begin PBXNativeTarget section */
		02356BEC23F473C1005A39AF /* CapstoneAppTests */ = {
			isa = PBXNativeTarget;
			buildConfigurationList = 02356BF623F473C1005A39AF /* Build configuration list for PBXNativeTarget "CapstoneAppTests" */;
			buildPhases = (
				02356BE923F473C1005A39AF /* Sources */,
				02356BEA23F473C1005A39AF /* Frameworks */,
				02356BEB23F473C1005A39AF /* Resources */,
			);
			buildRules = (
			);
			dependencies = (
				02356BF323F473C1005A39AF /* PBXTargetDependency */,
			);
			name = CapstoneAppTests;
			productName = CapstoneAppTests;
			productReference = 02356BED23F473C1005A39AF /* CapstoneAppTests.xctest */;
			productType = "com.apple.product-type.bundle.unit-test";
		};
		02356BFA23F4740A005A39AF /* CapstoneAppUITests */ = {
			isa = PBXNativeTarget;
			buildConfigurationList = 02356C0223F4740A005A39AF /* Build configuration list for PBXNativeTarget "CapstoneAppUITests" */;
			buildPhases = (
				02356BF723F4740A005A39AF /* Sources */,
				02356BF823F4740A005A39AF /* Frameworks */,
				02356BF923F4740A005A39AF /* Resources */,
			);
			buildRules = (
			);
			dependencies = (
				02356C0123F4740A005A39AF /* PBXTargetDependency */,
			);
			name = CapstoneAppUITests;
			productName = CapstoneAppUITests;
			productReference = 02356BFB23F4740A005A39AF /* CapstoneAppUITests.xctest */;
			productType = "com.apple.product-type.bundle.ui-testing";
		};
		02C9ED6823D5DF11007F6E07 /* CapstoneApp */ = {
			isa = PBXNativeTarget;
			buildConfigurationList = 02C9ED7D23D5DF12007F6E07 /* Build configuration list for PBXNativeTarget "CapstoneApp" */;
			buildPhases = (
				CA70441C10F4904125174000 /* [CP] Check Pods Manifest.lock */,
				02C9ED6523D5DF11007F6E07 /* Sources */,
				02C9ED6623D5DF11007F6E07 /* Frameworks */,
				02C9ED6723D5DF11007F6E07 /* Resources */,
			);
			buildRules = (
			);
			dependencies = (
			);
			name = CapstoneApp;
			productName = CapstoneApp;
			productReference = 02C9ED6923D5DF11007F6E07 /* CapstoneApp.app */;
			productType = "com.apple.product-type.application";
		};
/* End PBXNativeTarget section */

/* Begin PBXProject section */
		02C9ED6123D5DF11007F6E07 /* Project object */ = {
			isa = PBXProject;
			attributes = {
				LastSwiftUpdateCheck = 1130;
				LastUpgradeCheck = 1130;
				ORGANIZATIONNAME = Consultant;
				TargetAttributes = {
					02356BEC23F473C1005A39AF = {
						CreatedOnToolsVersion = 11.3.1;
						TestTargetID = 02C9ED6823D5DF11007F6E07;
					};
					02356BFA23F4740A005A39AF = {
						CreatedOnToolsVersion = 11.3.1;
						TestTargetID = 02C9ED6823D5DF11007F6E07;
					};
					02C9ED6823D5DF11007F6E07 = {
						CreatedOnToolsVersion = 11.3.1;
					};
				};
			};
			buildConfigurationList = 02C9ED6423D5DF11007F6E07 /* Build configuration list for PBXProject "CapstoneApp" */;
			compatibilityVersion = "Xcode 9.3";
			developmentRegion = en;
			hasScannedForEncodings = 0;
			knownRegions = (
				en,
				Base,
			);
			mainGroup = 02C9ED6023D5DF11007F6E07;
			productRefGroup = 02C9ED6A23D5DF11007F6E07 /* Products */;
			projectDirPath = "";
			projectRoot = "";
			targets = (
				02C9ED6823D5DF11007F6E07 /* CapstoneApp */,
				02356BEC23F473C1005A39AF /* CapstoneAppTests */,
				02356BFA23F4740A005A39AF /* CapstoneAppUITests */,
			);
		};
/* End PBXProject section */

/* Begin PBXResourcesBuildPhase section */
		02356BEB23F473C1005A39AF /* Resources */ = {
			isa = PBXResourcesBuildPhase;
			buildActionMask = 2147483647;
			files = (
			);
			runOnlyForDeploymentPostprocessing = 0;
		};
		02356BF923F4740A005A39AF /* Resources */ = {
			isa = PBXResourcesBuildPhase;
			buildActionMask = 2147483647;
			files = (
			);
			runOnlyForDeploymentPostprocessing = 0;
		};
		02C9ED6723D5DF11007F6E07 /* Resources */ = {
			isa = PBXResourcesBuildPhase;
			buildActionMask = 2147483647;
			files = (
				02C9ED7923D5DF12007F6E07 /* LaunchScreen.storyboard in Resources */,
				02C9ED8723D692A7007F6E07 /* GoogleService-Info.plist in Resources */,
				024B091F23EC0EA80014E543 /* MealTableViewCell.xib in Resources */,
				02C9ED7623D5DF12007F6E07 /* Assets.xcassets in Resources */,
				02C9ED7423D5DF11007F6E07 /* Main.storyboard in Resources */,
			);
			runOnlyForDeploymentPostprocessing = 0;
		};
/* End PBXResourcesBuildPhase section */

/* Begin PBXShellScriptBuildPhase section */
		CA70441C10F4904125174000 /* [CP] Check Pods Manifest.lock */ = {
			isa = PBXShellScriptBuildPhase;
			buildActionMask = 2147483647;
			files = (
			);
			inputFileListPaths = (
			);
			inputPaths = (
				"${PODS_PODFILE_DIR_PATH}/Podfile.lock",
				"${PODS_ROOT}/Manifest.lock",
			);
			name = "[CP] Check Pods Manifest.lock";
			outputFileListPaths = (
			);
			outputPaths = (
				"$(DERIVED_FILE_DIR)/Pods-CapstoneApp-checkManifestLockResult.txt",
			);
			runOnlyForDeploymentPostprocessing = 0;
			shellPath = /bin/sh;
			shellScript = "diff \"${PODS_PODFILE_DIR_PATH}/Podfile.lock\" \"${PODS_ROOT}/Manifest.lock\" > /dev/null\nif [ $? != 0 ] ; then\n    # print error to STDERR\n    echo \"error: The sandbox is not in sync with the Podfile.lock. Run 'pod install' or update your CocoaPods installation.\" >&2\n    exit 1\nfi\n# This output is used by Xcode 'outputs' to avoid re-running this script phase.\necho \"SUCCESS\" > \"${SCRIPT_OUTPUT_FILE_0}\"\n";
			showEnvVarsInLog = 0;
		};
/* End PBXShellScriptBuildPhase section */

/* Begin PBXSourcesBuildPhase section */
		02356BE923F473C1005A39AF /* Sources */ = {
			isa = PBXSourcesBuildPhase;
			buildActionMask = 2147483647;
			files = (
				02356BF023F473C1005A39AF /* CapstoneAppTests.swift in Sources */,
			);
			runOnlyForDeploymentPostprocessing = 0;
		};
		02356BF723F4740A005A39AF /* Sources */ = {
			isa = PBXSourcesBuildPhase;
			buildActionMask = 2147483647;
			files = (
				02356BFE23F4740A005A39AF /* CapstoneAppUITests.swift in Sources */,
			);
			runOnlyForDeploymentPostprocessing = 0;
		};
		02C9ED6523D5DF11007F6E07 /* Sources */ = {
			isa = PBXSourcesBuildPhase;
			buildActionMask = 2147483647;
			files = (
				02C9ED9523E07150007F6E07 /* ViewModel.swift in Sources */,
				024B091B23EBE79C0014E543 /* TextView+Extension.swift in Sources */,
				02C9ED9C23E08E67007F6E07 /* MealDetailsViewController.swift in Sources */,
				02C9ED8D23D9EDAF007F6E07 /* IngredientRecipeService.swift in Sources */,
				02C9ED8923D8E92B007F6E07 /* RecipesViewController.swift in Sources */,
				02C9ED8F23D9F1A8007F6E07 /* Recipe.swift in Sources */,
				02C9ED9123DA0A7D007F6E07 /* Meal.swift in Sources */,
				02C9ED9823E08822007F6E07 /* Url+Extension.swift in Sources */,
				02C9ED7123D5DF11007F6E07 /* HomeViewController.swift in Sources */,
				02C9ED6D23D5DF11007F6E07 /* AppDelegate.swift in Sources */,
				024B092123EC288A0014E543 /* CustomDetailsViewController.swift in Sources */,
				02C9ED6F23D5DF11007F6E07 /* SceneDelegate.swift in Sources */,
				02C9EDA023EBB6B5007F6E07 /* RecipeAddViewController.swift in Sources */,
				02C9ED9A23E08913007F6E07 /* View+Extension.swift in Sources */,
				024B091E23EC0EA80014E543 /* MealTableViewCell.swift in Sources */,
				02C9ED9323DA0B17007F6E07 /* RecipeAPI.swift in Sources */,
				02C9ED9E23EB3080007F6E07 /* FirebaseSource.swift in Sources */,
				024B091923EBD5E50014E543 /* FileServiceManager.swift in Sources */,
			);
			runOnlyForDeploymentPostprocessing = 0;
		};
/* End PBXSourcesBuildPhase section */

/* Begin PBXTargetDependency section */
		02356BF323F473C1005A39AF /* PBXTargetDependency */ = {
			isa = PBXTargetDependency;
			target = 02C9ED6823D5DF11007F6E07 /* CapstoneApp */;
			targetProxy = 02356BF223F473C1005A39AF /* PBXContainerItemProxy */;
		};
		02356C0123F4740A005A39AF /* PBXTargetDependency */ = {
			isa = PBXTargetDependency;
			target = 02C9ED6823D5DF11007F6E07 /* CapstoneApp */;
			targetProxy = 02356C0023F4740A005A39AF /* PBXContainerItemProxy */;
		};
/* End PBXTargetDependency section */

/* Begin PBXVariantGroup section */
		02C9ED7223D5DF11007F6E07 /* Main.storyboard */ = {
			isa = PBXVariantGroup;
			children = (
				02C9ED7323D5DF11007F6E07 /* Base */,
			);
			name = Main.storyboard;
			sourceTree = "<group>";
		};
		02C9ED7723D5DF12007F6E07 /* LaunchScreen.storyboard */ = {
			isa = PBXVariantGroup;
			children = (
				02C9ED7823D5DF12007F6E07 /* Base */,
			);
			name = LaunchScreen.storyboard;
			sourceTree = "<group>";
		};
/* End PBXVariantGroup section */

/* Begin XCBuildConfiguration section */
		02356BF423F473C1005A39AF /* Debug */ = {
			isa = XCBuildConfiguration;
			buildSettings = {
				BUNDLE_LOADER = "$(TEST_HOST)";
				CODE_SIGN_STYLE = Automatic;
				DEVELOPMENT_TEAM = 5HTVL8P735;
				INFOPLIST_FILE = CapstoneAppTests/Info.plist;
				LD_RUNPATH_SEARCH_PATHS = (
					"$(inherited)",
					"@executable_path/Frameworks",
					"@loader_path/Frameworks",
				);
				PRODUCT_BUNDLE_IDENTIFIER = Consultant.CapstoneAppTests;
				PRODUCT_NAME = "$(TARGET_NAME)";
				SWIFT_VERSION = 5.0;
				TARGETED_DEVICE_FAMILY = "1,2";
				TEST_HOST = "$(BUILT_PRODUCTS_DIR)/CapstoneApp.app/CapstoneApp";
			};
			name = Debug;
		};
		02356BF523F473C1005A39AF /* Release */ = {
			isa = XCBuildConfiguration;
			buildSettings = {
				BUNDLE_LOADER = "$(TEST_HOST)";
				CODE_SIGN_STYLE = Automatic;
				DEVELOPMENT_TEAM = 5HTVL8P735;
				INFOPLIST_FILE = CapstoneAppTests/Info.plist;
				LD_RUNPATH_SEARCH_PATHS = (
					"$(inherited)",
					"@executable_path/Frameworks",
					"@loader_path/Frameworks",
				);
				PRODUCT_BUNDLE_IDENTIFIER = Consultant.CapstoneAppTests;
				PRODUCT_NAME = "$(TARGET_NAME)";
				SWIFT_VERSION = 5.0;
				TARGETED_DEVICE_FAMILY = "1,2";
				TEST_HOST = "$(BUILT_PRODUCTS_DIR)/CapstoneApp.app/CapstoneApp";
			};
			name = Release;
		};
		02356C0323F4740A005A39AF /* Debug */ = {
			isa = XCBuildConfiguration;
			buildSettings = {
				CODE_SIGN_STYLE = Automatic;
				DEVELOPMENT_TEAM = 5HTVL8P735;
				HEADER_SEARCH_PATHS = "";
				"HEADER_SEARCH_PATHS[arch=*]" = "${PODS_ROOT}/Firebase/Core/Sources";
				INFOPLIST_FILE = CapstoneAppUITests/Info.plist;
				LD_RUNPATH_SEARCH_PATHS = (
					"$(inherited)",
					"@executable_path/Frameworks",
					"@loader_path/Frameworks",
				);
				PRODUCT_BUNDLE_IDENTIFIER = Consultant.CapstoneAppUITests;
				PRODUCT_NAME = "$(TARGET_NAME)";
				SWIFT_VERSION = 5.0;
				TARGETED_DEVICE_FAMILY = "1,2";
				TEST_TARGET_NAME = CapstoneApp;
			};
			name = Debug;
		};
		02356C0423F4740A005A39AF /* Release */ = {
			isa = XCBuildConfiguration;
			buildSettings = {
				CODE_SIGN_STYLE = Automatic;
				DEVELOPMENT_TEAM = 5HTVL8P735;
				HEADER_SEARCH_PATHS = "";
				INFOPLIST_FILE = CapstoneAppUITests/Info.plist;
				LD_RUNPATH_SEARCH_PATHS = (
					"$(inherited)",
					"@executable_path/Frameworks",
					"@loader_path/Frameworks",
				);
				PRODUCT_BUNDLE_IDENTIFIER = Consultant.CapstoneAppUITests;
				PRODUCT_NAME = "$(TARGET_NAME)";
				SWIFT_VERSION = 5.0;
				TARGETED_DEVICE_FAMILY = "1,2";
				TEST_TARGET_NAME = CapstoneApp;
			};
			name = Release;
		};
		02C9ED7B23D5DF12007F6E07 /* Debug */ = {
			isa = XCBuildConfiguration;
			buildSettings = {
				ALWAYS_SEARCH_USER_PATHS = NO;
				CLANG_ANALYZER_NONNULL = YES;
				CLANG_ANALYZER_NUMBER_OBJECT_CONVERSION = YES_AGGRESSIVE;
				CLANG_CXX_LANGUAGE_STANDARD = "gnu++14";
				CLANG_CXX_LIBRARY = "libc++";
				CLANG_ENABLE_MODULES = YES;
				CLANG_ENABLE_OBJC_ARC = YES;
				CLANG_ENABLE_OBJC_WEAK = YES;
				CLANG_WARN_BLOCK_CAPTURE_AUTORELEASING = YES;
				CLANG_WARN_BOOL_CONVERSION = YES;
				CLANG_WARN_COMMA = YES;
				CLANG_WARN_CONSTANT_CONVERSION = YES;
				CLANG_WARN_DEPRECATED_OBJC_IMPLEMENTATIONS = YES;
				CLANG_WARN_DIRECT_OBJC_ISA_USAGE = YES_ERROR;
				CLANG_WARN_DOCUMENTATION_COMMENTS = YES;
				CLANG_WARN_EMPTY_BODY = YES;
				CLANG_WARN_ENUM_CONVERSION = YES;
				CLANG_WARN_INFINITE_RECURSION = YES;
				CLANG_WARN_INT_CONVERSION = YES;
				CLANG_WARN_NON_LITERAL_NULL_CONVERSION = YES;
				CLANG_WARN_OBJC_IMPLICIT_RETAIN_SELF = YES;
				CLANG_WARN_OBJC_LITERAL_CONVERSION = YES;
				CLANG_WARN_OBJC_ROOT_CLASS = YES_ERROR;
				CLANG_WARN_RANGE_LOOP_ANALYSIS = YES;
				CLANG_WARN_STRICT_PROTOTYPES = YES;
				CLANG_WARN_SUSPICIOUS_MOVE = YES;
				CLANG_WARN_UNGUARDED_AVAILABILITY = YES_AGGRESSIVE;
				CLANG_WARN_UNREACHABLE_CODE = YES;
				CLANG_WARN__DUPLICATE_METHOD_MATCH = YES;
				COPY_PHASE_STRIP = NO;
				DEBUG_INFORMATION_FORMAT = dwarf;
				ENABLE_STRICT_OBJC_MSGSEND = YES;
				ENABLE_TESTABILITY = YES;
				GCC_C_LANGUAGE_STANDARD = gnu11;
				GCC_DYNAMIC_NO_PIC = NO;
				GCC_NO_COMMON_BLOCKS = YES;
				GCC_OPTIMIZATION_LEVEL = 0;
				GCC_PREPROCESSOR_DEFINITIONS = (
					"DEBUG=1",
					"$(inherited)",
				);
				GCC_WARN_64_TO_32_BIT_CONVERSION = YES;
				GCC_WARN_ABOUT_RETURN_TYPE = YES_ERROR;
				GCC_WARN_UNDECLARED_SELECTOR = YES;
				GCC_WARN_UNINITIALIZED_AUTOS = YES_AGGRESSIVE;
				GCC_WARN_UNUSED_FUNCTION = YES;
				GCC_WARN_UNUSED_VARIABLE = YES;
				IPHONEOS_DEPLOYMENT_TARGET = 13.2;
				MTL_ENABLE_DEBUG_INFO = INCLUDE_SOURCE;
				MTL_FAST_MATH = YES;
				ONLY_ACTIVE_ARCH = YES;
				SDKROOT = iphoneos;
				SWIFT_ACTIVE_COMPILATION_CONDITIONS = DEBUG;
				SWIFT_OPTIMIZATION_LEVEL = "-Onone";
			};
			name = Debug;
		};
		02C9ED7C23D5DF12007F6E07 /* Release */ = {
			isa = XCBuildConfiguration;
			buildSettings = {
				ALWAYS_SEARCH_USER_PATHS = NO;
				CLANG_ANALYZER_NONNULL = YES;
				CLANG_ANALYZER_NUMBER_OBJECT_CONVERSION = YES_AGGRESSIVE;
				CLANG_CXX_LANGUAGE_STANDARD = "gnu++14";
				CLANG_CXX_LIBRARY = "libc++";
				CLANG_ENABLE_MODULES = YES;
				CLANG_ENABLE_OBJC_ARC = YES;
				CLANG_ENABLE_OBJC_WEAK = YES;
				CLANG_WARN_BLOCK_CAPTURE_AUTORELEASING = YES;
				CLANG_WARN_BOOL_CONVERSION = YES;
				CLANG_WARN_COMMA = YES;
				CLANG_WARN_CONSTANT_CONVERSION = YES;
				CLANG_WARN_DEPRECATED_OBJC_IMPLEMENTATIONS = YES;
				CLANG_WARN_DIRECT_OBJC_ISA_USAGE = YES_ERROR;
				CLANG_WARN_DOCUMENTATION_COMMENTS = YES;
				CLANG_WARN_EMPTY_BODY = YES;
				CLANG_WARN_ENUM_CONVERSION = YES;
				CLANG_WARN_INFINITE_RECURSION = YES;
				CLANG_WARN_INT_CONVERSION = YES;
				CLANG_WARN_NON_LITERAL_NULL_CONVERSION = YES;
				CLANG_WARN_OBJC_IMPLICIT_RETAIN_SELF = YES;
				CLANG_WARN_OBJC_LITERAL_CONVERSION = YES;
				CLANG_WARN_OBJC_ROOT_CLASS = YES_ERROR;
				CLANG_WARN_RANGE_LOOP_ANALYSIS = YES;
				CLANG_WARN_STRICT_PROTOTYPES = YES;
				CLANG_WARN_SUSPICIOUS_MOVE = YES;
				CLANG_WARN_UNGUARDED_AVAILABILITY = YES_AGGRESSIVE;
				CLANG_WARN_UNREACHABLE_CODE = YES;
				CLANG_WARN__DUPLICATE_METHOD_MATCH = YES;
				COPY_PHASE_STRIP = NO;
				DEBUG_INFORMATION_FORMAT = "dwarf-with-dsym";
				ENABLE_NS_ASSERTIONS = NO;
				ENABLE_STRICT_OBJC_MSGSEND = YES;
				GCC_C_LANGUAGE_STANDARD = gnu11;
				GCC_NO_COMMON_BLOCKS = YES;
				GCC_WARN_64_TO_32_BIT_CONVERSION = YES;
				GCC_WARN_ABOUT_RETURN_TYPE = YES_ERROR;
				GCC_WARN_UNDECLARED_SELECTOR = YES;
				GCC_WARN_UNINITIALIZED_AUTOS = YES_AGGRESSIVE;
				GCC_WARN_UNUSED_FUNCTION = YES;
				GCC_WARN_UNUSED_VARIABLE = YES;
				IPHONEOS_DEPLOYMENT_TARGET = 13.2;
				MTL_ENABLE_DEBUG_INFO = NO;
				MTL_FAST_MATH = YES;
				SDKROOT = iphoneos;
				SWIFT_COMPILATION_MODE = wholemodule;
				SWIFT_OPTIMIZATION_LEVEL = "-O";
				VALIDATE_PRODUCT = YES;
			};
			name = Release;
		};
		02C9ED7E23D5DF12007F6E07 /* Debug */ = {
			isa = XCBuildConfiguration;
			baseConfigurationReference = E030710FDF675AA278994616 /* Pods-CapstoneApp.debug.xcconfig */;
			buildSettings = {
				ASSETCATALOG_COMPILER_APPICON_NAME = AppIcon;
				CODE_SIGN_STYLE = Automatic;
				DEVELOPMENT_TEAM = 5HTVL8P735;
				DYLIB_INSTALL_NAME_BASE = "";
				INFOPLIST_FILE = CapstoneApp/Info.plist;
				LD_RUNPATH_SEARCH_PATHS = (
					"$(inherited)",
					"@executable_path/Frameworks",
				);
				PRODUCT_BUNDLE_IDENTIFIER = Consultant.CapstoneApp;
				PRODUCT_NAME = "$(TARGET_NAME)";
				SWIFT_VERSION = 5.0;
				TARGETED_DEVICE_FAMILY = "1,2";
			};
			name = Debug;
		};
		02C9ED7F23D5DF12007F6E07 /* Release */ = {
			isa = XCBuildConfiguration;
			baseConfigurationReference = A92C17EAE394124B0143892C /* Pods-CapstoneApp.release.xcconfig */;
			buildSettings = {
				ASSETCATALOG_COMPILER_APPICON_NAME = AppIcon;
				CODE_SIGN_STYLE = Automatic;
				DEVELOPMENT_TEAM = 5HTVL8P735;
				DYLIB_INSTALL_NAME_BASE = "";
				INFOPLIST_FILE = CapstoneApp/Info.plist;
				LD_RUNPATH_SEARCH_PATHS = (
					"$(inherited)",
					"@executable_path/Frameworks",
				);
				PRODUCT_BUNDLE_IDENTIFIER = Consultant.CapstoneApp;
				PRODUCT_NAME = "$(TARGET_NAME)";
				SWIFT_VERSION = 5.0;
				TARGETED_DEVICE_FAMILY = "1,2";
			};
			name = Release;
		};
/* End XCBuildConfiguration section */

/* Begin XCConfigurationList section */
		02356BF623F473C1005A39AF /* Build configuration list for PBXNativeTarget "CapstoneAppTests" */ = {
			isa = XCConfigurationList;
			buildConfigurations = (
				02356BF423F473C1005A39AF /* Debug */,
				02356BF523F473C1005A39AF /* Release */,
			);
			defaultConfigurationIsVisible = 0;
			defaultConfigurationName = Release;
		};
		02356C0223F4740A005A39AF /* Build configuration list for PBXNativeTarget "CapstoneAppUITests" */ = {
			isa = XCConfigurationList;
			buildConfigurations = (
				02356C0323F4740A005A39AF /* Debug */,
				02356C0423F4740A005A39AF /* Release */,
			);
			defaultConfigurationIsVisible = 0;
			defaultConfigurationName = Release;
		};
		02C9ED6423D5DF11007F6E07 /* Build configuration list for PBXProject "CapstoneApp" */ = {
			isa = XCConfigurationList;
			buildConfigurations = (
				02C9ED7B23D5DF12007F6E07 /* Debug */,
				02C9ED7C23D5DF12007F6E07 /* Release */,
			);
			defaultConfigurationIsVisible = 0;
			defaultConfigurationName = Release;
		};
		02C9ED7D23D5DF12007F6E07 /* Build configuration list for PBXNativeTarget "CapstoneApp" */ = {
			isa = XCConfigurationList;
			buildConfigurations = (
				02C9ED7E23D5DF12007F6E07 /* Debug */,
				02C9ED7F23D5DF12007F6E07 /* Release */,
			);
			defaultConfigurationIsVisible = 0;
			defaultConfigurationName = Release;
		};
/* End XCConfigurationList section */
	};
	rootObject = 02C9ED6123D5DF11007F6E07 /* Project object */;
}
